
Microsoft Visual Studio Solution File, Format Version 12.00
# Visual Studio 15
VisualStudioVersion = 15.0.28307.645
MinimumVisualStudioVersion = 10.0.40219.1
Project("{FAE04EC0-301F-11D3-BF4B-00C04F79EFBC}") = "OpenTAP.Android", "OpenTAP.Android\OpenTAP.Android.csproj", "{3EFF847F-EEFC-4A7A-B4E8-5DB9B7C2DACF}"
EndProject
Global
	GlobalSection(SolutionConfigurationPlatforms) = preSolution
		Debug|Any CPU = Debug|Any CPU
		Release|Any CPU = Release|Any CPU
	EndGlobalSection
	GlobalSection(ProjectConfigurationPlatforms) = postSolution
		{3EFF847F-EEFC-4A7A-B4E8-5DB9B7C2DACF}.Debug|Any CPU.ActiveCfg = Debug|Any CPU
		{3EFF847F-EEFC-4A7A-B4E8-5DB9B7C2DACF}.Debug|Any CPU.Build.0 = Debug|Any CPU
		{3EFF847F-EEFC-4A7A-B4E8-5DB9B7C2DACF}.Release|Any CPU.ActiveCfg = Release|Any CPU
		{3EFF847F-EEFC-4A7A-B4E8-5DB9B7C2DACF}.Release|Any CPU.Build.0 = Release|Any CPU
	EndGlobalSection
	GlobalSection(SolutionProperties) = preSolution
		HideSolutionNode = FALSE
	EndGlobalSection
	GlobalSection(ExtensibilityGlobals) = postSolution
		SolutionGuid = {8527492C-8928-4739-AADF-57A4BB6594DC}
	EndGlobalSection
EndGlobal
